// !$*UTF8*$!
{
	archiveVersion = 1;
	classes = {
	};
	objectVersion = 51;
	objects = {

/* Begin PBXBuildFile section */
		07BA5745B3AC122A8C1B8D90 /* Pods_NewApp.framework in Frameworks */ = {isa = PBXBuildFile; fileRef = E0EE55AFAA8268348E8BE42E /* Pods_NewApp.framework */; };
		10D207A9C5FC583CB5CB457A /* Pods_NewAppTests.framework in Frameworks */ = {isa = PBXBuildFile; fileRef = E4E21965D13F8C06ADB4BA05 /* Pods_NewAppTests.framework */; };
		1A18B783CAE91DC27464301B /* Pods_NewApp_NewAppUITests.framework in Frameworks */ = {isa = PBXBuildFile; fileRef = 8D27887815CAC27B4569B835 /* Pods_NewApp_NewAppUITests.framework */; };
		FAF2F93F2742A13A009614F4 /* AppDelegate.swift in Sources */ = {isa = PBXBuildFile; fileRef = FAF2F93E2742A13A009614F4 /* AppDelegate.swift */; };
		FAF2F9462742A13A009614F4 /* Main.storyboard in Resources */ = {isa = PBXBuildFile; fileRef = FAF2F9442742A13A009614F4 /* Main.storyboard */; };
		FAF2F9482742A13D009614F4 /* Assets.xcassets in Resources */ = {isa = PBXBuildFile; fileRef = FAF2F9472742A13D009614F4 /* Assets.xcassets */; };
		FAF2F94B2742A13D009614F4 /* LaunchScreen.storyboard in Resources */ = {isa = PBXBuildFile; fileRef = FAF2F9492742A13D009614F4 /* LaunchScreen.storyboard */; };
		FAF2F9562742A13E009614F4 /* NewAppTests.swift in Sources */ = {isa = PBXBuildFile; fileRef = FAF2F9552742A13E009614F4 /* NewAppTests.swift */; };
		FAF2F9612742A13E009614F4 /* NewAppUITests.swift in Sources */ = {isa = PBXBuildFile; fileRef = FAF2F9602742A13E009614F4 /* NewAppUITests.swift */; };
		FAF2F9812742A36E009614F4 /* AppCredentials.swift in Sources */ = {isa = PBXBuildFile; fileRef = FAF2F9802742A36E009614F4 /* AppCredentials.swift */; };
		FAF2F9862742A4F1009614F4 /* AppCreds.swift in Sources */ = {isa = PBXBuildFile; fileRef = FAF2F9852742A4F1009614F4 /* AppCreds.swift */; };
		FAF2F9912742A670009614F4 /* NewsListVC.swift in Sources */ = {isa = PBXBuildFile; fileRef = FAF2F9902742A670009614F4 /* NewsListVC.swift */; };
		FAF2F9982742A9A4009614F4 /* NewsListCell.swift in Sources */ = {isa = PBXBuildFile; fileRef = FAF2F9962742A9A4009614F4 /* NewsListCell.swift */; };
		FAF2F9992742A9A4009614F4 /* NewsListCell.xib in Resources */ = {isa = PBXBuildFile; fileRef = FAF2F9972742A9A4009614F4 /* NewsListCell.xib */; };
		FAF2F9A82742ADA7009614F4 /* GlobalConstants.swift in Sources */ = {isa = PBXBuildFile; fileRef = FAF2F9A72742ADA7009614F4 /* GlobalConstants.swift */; };
		FAF2F9AD2742AFD6009614F4 /* Utilities.swift in Sources */ = {isa = PBXBuildFile; fileRef = FAF2F9AC2742AFD6009614F4 /* Utilities.swift */; };
		FAF2F9B32742B0A2009614F4 /* API_Manager.swift in Sources */ = {isa = PBXBuildFile; fileRef = FAF2F9B22742B0A2009614F4 /* API_Manager.swift */; };
		FAF2F9B82742B1B6009614F4 /* API_Helper.swift in Sources */ = {isa = PBXBuildFile; fileRef = FAF2F9B72742B1B6009614F4 /* API_Helper.swift */; };
		FAF2F9BD2742B237009614F4 /* NewListViewModel.swift in Sources */ = {isa = PBXBuildFile; fileRef = FAF2F9BC2742B237009614F4 /* NewListViewModel.swift */; };
		FAF2F9C22742B24F009614F4 /* Binding.swift in Sources */ = {isa = PBXBuildFile; fileRef = FAF2F9C12742B24F009614F4 /* Binding.swift */; };
/* End PBXBuildFile section */

/* Begin PBXContainerItemProxy section */
		FAF2F9522742A13E009614F4 /* PBXContainerItemProxy */ = {
			isa = PBXContainerItemProxy;
			containerPortal = FAF2F9332742A13A009614F4 /* Project object */;
			proxyType = 1;
			remoteGlobalIDString = FAF2F93A2742A13A009614F4;
			remoteInfo = NewApp;
		};
		FAF2F95D2742A13E009614F4 /* PBXContainerItemProxy */ = {
			isa = PBXContainerItemProxy;
			containerPortal = FAF2F9332742A13A009614F4 /* Project object */;
			proxyType = 1;
			remoteGlobalIDString = FAF2F93A2742A13A009614F4;
			remoteInfo = NewApp;
		};
/* End PBXContainerItemProxy section */

/* Begin PBXFileReference section */
		0E49A06639BE2B61B5903D45 /* Pods-NewApp-NewAppUITests.debug.xcconfig */ = {isa = PBXFileReference; includeInIndex = 1; lastKnownFileType = text.xcconfig; name = "Pods-NewApp-NewAppUITests.debug.xcconfig"; path = "Target Support Files/Pods-NewApp-NewAppUITests/Pods-NewApp-NewAppUITests.debug.xcconfig"; sourceTree = "<group>"; };
		1A09577DD098120187BA5C63 /* Pods-NewApp-NewAppUITests.release.xcconfig */ = {isa = PBXFileReference; includeInIndex = 1; lastKnownFileType = text.xcconfig; name = "Pods-NewApp-NewAppUITests.release.xcconfig"; path = "Target Support Files/Pods-NewApp-NewAppUITests/Pods-NewApp-NewAppUITests.release.xcconfig"; sourceTree = "<group>"; };
		3088A17DEF439286E8FB3124 /* Pods-NewApp.release.xcconfig */ = {isa = PBXFileReference; includeInIndex = 1; lastKnownFileType = text.xcconfig; name = "Pods-NewApp.release.xcconfig"; path = "Target Support Files/Pods-NewApp/Pods-NewApp.release.xcconfig"; sourceTree = "<group>"; };
		3736FD0D04D1DC78CE540FB8 /* Pods-NewApp.debug.xcconfig */ = {isa = PBXFileReference; includeInIndex = 1; lastKnownFileType = text.xcconfig; name = "Pods-NewApp.debug.xcconfig"; path = "Target Support Files/Pods-NewApp/Pods-NewApp.debug.xcconfig"; sourceTree = "<group>"; };
		4F3DBEE402E6F5A2B2CE2E1F /* Pods-NewAppTests.release.xcconfig */ = {isa = PBXFileReference; includeInIndex = 1; lastKnownFileType = text.xcconfig; name = "Pods-NewAppTests.release.xcconfig"; path = "Target Support Files/Pods-NewAppTests/Pods-NewAppTests.release.xcconfig"; sourceTree = "<group>"; };
		8D27887815CAC27B4569B835 /* Pods_NewApp_NewAppUITests.framework */ = {isa = PBXFileReference; explicitFileType = wrapper.framework; includeInIndex = 0; path = Pods_NewApp_NewAppUITests.framework; sourceTree = BUILT_PRODUCTS_DIR; };
		E0062712B5513BF90C5A18C7 /* Pods-NewAppTests.debug.xcconfig */ = {isa = PBXFileReference; includeInIndex = 1; lastKnownFileType = text.xcconfig; name = "Pods-NewAppTests.debug.xcconfig"; path = "Target Support Files/Pods-NewAppTests/Pods-NewAppTests.debug.xcconfig"; sourceTree = "<group>"; };
		E0EE55AFAA8268348E8BE42E /* Pods_NewApp.framework */ = {isa = PBXFileReference; explicitFileType = wrapper.framework; includeInIndex = 0; path = Pods_NewApp.framework; sourceTree = BUILT_PRODUCTS_DIR; };
		E4E21965D13F8C06ADB4BA05 /* Pods_NewAppTests.framework */ = {isa = PBXFileReference; explicitFileType = wrapper.framework; includeInIndex = 0; path = Pods_NewAppTests.framework; sourceTree = BUILT_PRODUCTS_DIR; };
		FAF2F93B2742A13A009614F4 /* NewApp.app */ = {isa = PBXFileReference; explicitFileType = wrapper.application; includeInIndex = 0; path = NewApp.app; sourceTree = BUILT_PRODUCTS_DIR; };
		FAF2F93E2742A13A009614F4 /* AppDelegate.swift */ = {isa = PBXFileReference; lastKnownFileType = sourcecode.swift; path = AppDelegate.swift; sourceTree = "<group>"; };
		FAF2F9452742A13A009614F4 /* Base */ = {isa = PBXFileReference; lastKnownFileType = file.storyboard; name = Base; path = Base.lproj/Main.storyboard; sourceTree = "<group>"; };
		FAF2F9472742A13D009614F4 /* Assets.xcassets */ = {isa = PBXFileReference; lastKnownFileType = folder.assetcatalog; path = Assets.xcassets; sourceTree = "<group>"; };
		FAF2F94A2742A13D009614F4 /* Base */ = {isa = PBXFileReference; lastKnownFileType = file.storyboard; name = Base; path = Base.lproj/LaunchScreen.storyboard; sourceTree = "<group>"; };
		FAF2F94C2742A13D009614F4 /* Info.plist */ = {isa = PBXFileReference; lastKnownFileType = text.plist.xml; path = Info.plist; sourceTree = "<group>"; };
		FAF2F9512742A13E009614F4 /* NewAppTests.xctest */ = {isa = PBXFileReference; explicitFileType = wrapper.cfbundle; includeInIndex = 0; path = NewAppTests.xctest; sourceTree = BUILT_PRODUCTS_DIR; };
		FAF2F9552742A13E009614F4 /* NewAppTests.swift */ = {isa = PBXFileReference; lastKnownFileType = sourcecode.swift; path = NewAppTests.swift; sourceTree = "<group>"; };
		FAF2F9572742A13E009614F4 /* Info.plist */ = {isa = PBXFileReference; lastKnownFileType = text.plist.xml; path = Info.plist; sourceTree = "<group>"; };
		FAF2F95C2742A13E009614F4 /* NewAppUITests.xctest */ = {isa = PBXFileReference; explicitFileType = wrapper.cfbundle; includeInIndex = 0; path = NewAppUITests.xctest; sourceTree = BUILT_PRODUCTS_DIR; };
		FAF2F9602742A13E009614F4 /* NewAppUITests.swift */ = {isa = PBXFileReference; lastKnownFileType = sourcecode.swift; path = NewAppUITests.swift; sourceTree = "<group>"; };
		FAF2F9622742A13E009614F4 /* Info.plist */ = {isa = PBXFileReference; lastKnownFileType = text.plist.xml; path = Info.plist; sourceTree = "<group>"; };
		FAF2F9802742A36E009614F4 /* AppCredentials.swift */ = {isa = PBXFileReference; lastKnownFileType = sourcecode.swift; path = AppCredentials.swift; sourceTree = "<group>"; };
		FAF2F9852742A4F1009614F4 /* AppCreds.swift */ = {isa = PBXFileReference; lastKnownFileType = sourcecode.swift; path = AppCreds.swift; sourceTree = "<group>"; };
		FAF2F9902742A670009614F4 /* NewsListVC.swift */ = {isa = PBXFileReference; lastKnownFileType = sourcecode.swift; path = NewsListVC.swift; sourceTree = "<group>"; };
		FAF2F9962742A9A4009614F4 /* NewsListCell.swift */ = {isa = PBXFileReference; lastKnownFileType = sourcecode.swift; path = NewsListCell.swift; sourceTree = "<group>"; };
		FAF2F9972742A9A4009614F4 /* NewsListCell.xib */ = {isa = PBXFileReference; lastKnownFileType = file.xib; path = NewsListCell.xib; sourceTree = "<group>"; };
		FAF2F9A72742ADA7009614F4 /* GlobalConstants.swift */ = {isa = PBXFileReference; fileEncoding = 4; lastKnownFileType = sourcecode.swift; path = GlobalConstants.swift; sourceTree = "<group>"; };
		FAF2F9AC2742AFD6009614F4 /* Utilities.swift */ = {isa = PBXFileReference; lastKnownFileType = sourcecode.swift; path = Utilities.swift; sourceTree = "<group>"; };
		FAF2F9B22742B0A2009614F4 /* API_Manager.swift */ = {isa = PBXFileReference; lastKnownFileType = sourcecode.swift; path = API_Manager.swift; sourceTree = "<group>"; };
		FAF2F9B72742B1B6009614F4 /* API_Helper.swift */ = {isa = PBXFileReference; lastKnownFileType = sourcecode.swift; path = API_Helper.swift; sourceTree = "<group>"; };
		FAF2F9BC2742B237009614F4 /* NewListViewModel.swift */ = {isa = PBXFileReference; lastKnownFileType = sourcecode.swift; path = NewListViewModel.swift; sourceTree = "<group>"; };
		FAF2F9C12742B24F009614F4 /* Binding.swift */ = {isa = PBXFileReference; fileEncoding = 4; lastKnownFileType = sourcecode.swift; path = Binding.swift; sourceTree = "<group>"; };
/* End PBXFileReference section */

/* Begin PBXFrameworksBuildPhase section */
		FAF2F9382742A13A009614F4 /* Frameworks */ = {
			isa = PBXFrameworksBuildPhase;
			buildActionMask = 2147483647;
			files = (
				07BA5745B3AC122A8C1B8D90 /* Pods_NewApp.framework in Frameworks */,
			);
			runOnlyForDeploymentPostprocessing = 0;
		};
		FAF2F94E2742A13E009614F4 /* Frameworks */ = {
			isa = PBXFrameworksBuildPhase;
			buildActionMask = 2147483647;
			files = (
				10D207A9C5FC583CB5CB457A /* Pods_NewAppTests.framework in Frameworks */,
			);
			runOnlyForDeploymentPostprocessing = 0;
		};
		FAF2F9592742A13E009614F4 /* Frameworks */ = {
			isa = PBXFrameworksBuildPhase;
			buildActionMask = 2147483647;
			files = (
				1A18B783CAE91DC27464301B /* Pods_NewApp_NewAppUITests.framework in Frameworks */,
			);
			runOnlyForDeploymentPostprocessing = 0;
		};
/* End PBXFrameworksBuildPhase section */

/* Begin PBXGroup section */
		376D66C6BACE2FE3E6871971 /* Pods */ = {
			isa = PBXGroup;
			children = (
				3736FD0D04D1DC78CE540FB8 /* Pods-NewApp.debug.xcconfig */,
				3088A17DEF439286E8FB3124 /* Pods-NewApp.release.xcconfig */,
				0E49A06639BE2B61B5903D45 /* Pods-NewApp-NewAppUITests.debug.xcconfig */,
				1A09577DD098120187BA5C63 /* Pods-NewApp-NewAppUITests.release.xcconfig */,
				E0062712B5513BF90C5A18C7 /* Pods-NewAppTests.debug.xcconfig */,
				4F3DBEE402E6F5A2B2CE2E1F /* Pods-NewAppTests.release.xcconfig */,
			);
			path = Pods;
			sourceTree = "<group>";
		};
		A84B9BB4EB8E326B3145DBA6 /* Frameworks */ = {
			isa = PBXGroup;
			children = (
				E0EE55AFAA8268348E8BE42E /* Pods_NewApp.framework */,
				8D27887815CAC27B4569B835 /* Pods_NewApp_NewAppUITests.framework */,
				E4E21965D13F8C06ADB4BA05 /* Pods_NewAppTests.framework */,
			);
			name = Frameworks;
			sourceTree = "<group>";
		};
		FAF2F9322742A13A009614F4 = {
			isa = PBXGroup;
			children = (
				FAF2F93D2742A13A009614F4 /* NewApp */,
				FAF2F9542742A13E009614F4 /* NewAppTests */,
				FAF2F95F2742A13E009614F4 /* NewAppUITests */,
				FAF2F93C2742A13A009614F4 /* Products */,
				376D66C6BACE2FE3E6871971 /* Pods */,
				A84B9BB4EB8E326B3145DBA6 /* Frameworks */,
			);
			sourceTree = "<group>";
		};
		FAF2F93C2742A13A009614F4 /* Products */ = {
			isa = PBXGroup;
			children = (
				FAF2F93B2742A13A009614F4 /* NewApp.app */,
				FAF2F9512742A13E009614F4 /* NewAppTests.xctest */,
				FAF2F95C2742A13E009614F4 /* NewAppUITests.xctest */,
			);
			name = Products;
			sourceTree = "<group>";
		};
		FAF2F93D2742A13A009614F4 /* NewApp */ = {
			isa = PBXGroup;
			children = (
				FAF2F9A62742AD94009614F4 /* ProjectHelpers */,
				FAF2F9952742A97E009614F4 /* TableViewXib */,
				FAF2F98C2742A61E009614F4 /* ViewModel */,
				FAF2F98B2742A619009614F4 /* View */,
				FAF2F98A2742A5FA009614F4 /* Model */,
				FAF2F9772742A2D6009614F4 /* ConfidentialKeys */,
				FAF2F93E2742A13A009614F4 /* AppDelegate.swift */,
				FAF2F9442742A13A009614F4 /* Main.storyboard */,
				FAF2F9472742A13D009614F4 /* Assets.xcassets */,
				FAF2F9492742A13D009614F4 /* LaunchScreen.storyboard */,
				FAF2F94C2742A13D009614F4 /* Info.plist */,
				FAF2F9852742A4F1009614F4 /* AppCreds.swift */,
			);
			path = NewApp;
			sourceTree = "<group>";
		};
		FAF2F9542742A13E009614F4 /* NewAppTests */ = {
			isa = PBXGroup;
			children = (
				FAF2F9552742A13E009614F4 /* NewAppTests.swift */,
				FAF2F9572742A13E009614F4 /* Info.plist */,
			);
			path = NewAppTests;
			sourceTree = "<group>";
		};
		FAF2F95F2742A13E009614F4 /* NewAppUITests */ = {
			isa = PBXGroup;
			children = (
				FAF2F9602742A13E009614F4 /* NewAppUITests.swift */,
				FAF2F9622742A13E009614F4 /* Info.plist */,
			);
			path = NewAppUITests;
			sourceTree = "<group>";
		};
		FAF2F9772742A2D6009614F4 /* ConfidentialKeys */ = {
			isa = PBXGroup;
			children = (
				FAF2F9802742A36E009614F4 /* AppCredentials.swift */,
			);
			path = ConfidentialKeys;
			sourceTree = "<group>";
		};
		FAF2F98A2742A5FA009614F4 /* Model */ = {
			isa = PBXGroup;
			children = (
			);
			path = Model;
			sourceTree = "<group>";
		};
		FAF2F98B2742A619009614F4 /* View */ = {
			isa = PBXGroup;
			children = (
				FAF2F9902742A670009614F4 /* NewsListVC.swift */,
			);
			path = View;
			sourceTree = "<group>";
		};
		FAF2F98C2742A61E009614F4 /* ViewModel */ = {
			isa = PBXGroup;
			children = (
				FAF2F9BC2742B237009614F4 /* NewListViewModel.swift */,
			);
			path = ViewModel;
			sourceTree = "<group>";
		};
		FAF2F9952742A97E009614F4 /* TableViewXib */ = {
			isa = PBXGroup;
			children = (
				FAF2F9962742A9A4009614F4 /* NewsListCell.swift */,
				FAF2F9972742A9A4009614F4 /* NewsListCell.xib */,
			);
			path = TableViewXib;
			sourceTree = "<group>";
		};
		FAF2F9A62742AD94009614F4 /* ProjectHelpers */ = {
			isa = PBXGroup;
			children = (
				FAF2F9B12742B08E009614F4 /* Networking */,
				FAF2F9A72742ADA7009614F4 /* GlobalConstants.swift */,
				FAF2F9C12742B24F009614F4 /* Binding.swift */,
				FAF2F9AC2742AFD6009614F4 /* Utilities.swift */,
			);
			path = ProjectHelpers;
			sourceTree = "<group>";
		};
		FAF2F9B12742B08E009614F4 /* Networking */ = {
			isa = PBXGroup;
			children = (
				FAF2F9B22742B0A2009614F4 /* API_Manager.swift */,
				FAF2F9B72742B1B6009614F4 /* API_Helper.swift */,
			);
			path = Networking;
			sourceTree = "<group>";
		};
/* End PBXGroup section */

/* Begin PBXNativeTarget section */
		FAF2F93A2742A13A009614F4 /* NewApp */ = {
			isa = PBXNativeTarget;
			buildConfigurationList = FAF2F9652742A13E009614F4 /* Build configuration list for PBXNativeTarget "NewApp" */;
			buildPhases = (
				CFF0F639EA83720E78D7DE5A /* [CP] Check Pods Manifest.lock */,
				FAF2F9372742A13A009614F4 /* Sources */,
				FAF2F9382742A13A009614F4 /* Frameworks */,
				FAF2F9392742A13A009614F4 /* Resources */,
				F077F5C1C3958C9A44C0BE41 /* [CP] Embed Pods Frameworks */,
			);
			buildRules = (
			);
			dependencies = (
			);
			name = NewApp;
			productName = NewApp;
			productReference = FAF2F93B2742A13A009614F4 /* NewApp.app */;
			productType = "com.apple.product-type.application";
		};
		FAF2F9502742A13E009614F4 /* NewAppTests */ = {
			isa = PBXNativeTarget;
			buildConfigurationList = FAF2F9682742A13E009614F4 /* Build configuration list for PBXNativeTarget "NewAppTests" */;
			buildPhases = (
				FB9AA123AE2DA95228F124CB /* [CP] Check Pods Manifest.lock */,
				FAF2F94D2742A13E009614F4 /* Sources */,
				FAF2F94E2742A13E009614F4 /* Frameworks */,
				FAF2F94F2742A13E009614F4 /* Resources */,
			);
			buildRules = (
			);
			dependencies = (
				FAF2F9532742A13E009614F4 /* PBXTargetDependency */,
			);
			name = NewAppTests;
			productName = NewAppTests;
			productReference = FAF2F9512742A13E009614F4 /* NewAppTests.xctest */;
			productType = "com.apple.product-type.bundle.unit-test";
		};
		FAF2F95B2742A13E009614F4 /* NewAppUITests */ = {
			isa = PBXNativeTarget;
			buildConfigurationList = FAF2F96B2742A13E009614F4 /* Build configuration list for PBXNativeTarget "NewAppUITests" */;
			buildPhases = (
				9615C1F479332DAFDE0D1178 /* [CP] Check Pods Manifest.lock */,
				FAF2F9582742A13E009614F4 /* Sources */,
				FAF2F9592742A13E009614F4 /* Frameworks */,
				FAF2F95A2742A13E009614F4 /* Resources */,
				33D6B2DBDC78B2C07A85F1FC /* [CP] Embed Pods Frameworks */,
			);
			buildRules = (
			);
			dependencies = (
				FAF2F95E2742A13E009614F4 /* PBXTargetDependency */,
			);
			name = NewAppUITests;
			productName = NewAppUITests;
			productReference = FAF2F95C2742A13E009614F4 /* NewAppUITests.xctest */;
			productType = "com.apple.product-type.bundle.ui-testing";
		};
/* End PBXNativeTarget section */

/* Begin PBXProject section */
		FAF2F9332742A13A009614F4 /* Project object */ = {
			isa = PBXProject;
			attributes = {
				LastSwiftUpdateCheck = 1220;
				LastUpgradeCheck = 1220;
				TargetAttributes = {
					FAF2F93A2742A13A009614F4 = {
						CreatedOnToolsVersion = 12.2;
					};
					FAF2F9502742A13E009614F4 = {
						CreatedOnToolsVersion = 12.2;
						TestTargetID = FAF2F93A2742A13A009614F4;
					};
					FAF2F95B2742A13E009614F4 = {
						CreatedOnToolsVersion = 12.2;
						TestTargetID = FAF2F93A2742A13A009614F4;
					};
				};
			};
			buildConfigurationList = FAF2F9362742A13A009614F4 /* Build configuration list for PBXProject "NewApp" */;
			compatibilityVersion = "Xcode 9.3";
			developmentRegion = en;
			hasScannedForEncodings = 0;
			knownRegions = (
				en,
				Base,
			);
			mainGroup = FAF2F9322742A13A009614F4;
			productRefGroup = FAF2F93C2742A13A009614F4 /* Products */;
			projectDirPath = "";
			projectRoot = "";
			targets = (
				FAF2F93A2742A13A009614F4 /* NewApp */,
				FAF2F9502742A13E009614F4 /* NewAppTests */,
				FAF2F95B2742A13E009614F4 /* NewAppUITests */,
			);
		};
/* End PBXProject section */

/* Begin PBXResourcesBuildPhase section */
		FAF2F9392742A13A009614F4 /* Resources */ = {
			isa = PBXResourcesBuildPhase;
			buildActionMask = 2147483647;
			files = (
				FAF2F94B2742A13D009614F4 /* LaunchScreen.storyboard in Resources */,
				FAF2F9482742A13D009614F4 /* Assets.xcassets in Resources */,
				FAF2F9992742A9A4009614F4 /* NewsListCell.xib in Resources */,
				FAF2F9462742A13A009614F4 /* Main.storyboard in Resources */,
			);
			runOnlyForDeploymentPostprocessing = 0;
		};
		FAF2F94F2742A13E009614F4 /* Resources */ = {
			isa = PBXResourcesBuildPhase;
			buildActionMask = 2147483647;
			files = (
			);
			runOnlyForDeploymentPostprocessing = 0;
		};
		FAF2F95A2742A13E009614F4 /* Resources */ = {
			isa = PBXResourcesBuildPhase;
			buildActionMask = 2147483647;
			files = (
			);
			runOnlyForDeploymentPostprocessing = 0;
		};
/* End PBXResourcesBuildPhase section */

/* Begin PBXShellScriptBuildPhase section */
		33D6B2DBDC78B2C07A85F1FC /* [CP] Embed Pods Frameworks */ = {
			isa = PBXShellScriptBuildPhase;
			buildActionMask = 2147483647;
			files = (
			);
			inputFileListPaths = (
				"${PODS_ROOT}/Target Support Files/Pods-NewApp-NewAppUITests/Pods-NewApp-NewAppUITests-frameworks-${CONFIGURATION}-input-files.xcfilelist",
			);
			name = "[CP] Embed Pods Frameworks";
			outputFileListPaths = (
				"${PODS_ROOT}/Target Support Files/Pods-NewApp-NewAppUITests/Pods-NewApp-NewAppUITests-frameworks-${CONFIGURATION}-output-files.xcfilelist",
			);
			runOnlyForDeploymentPostprocessing = 0;
			shellPath = /bin/sh;
			shellScript = "\"${PODS_ROOT}/Target Support Files/Pods-NewApp-NewAppUITests/Pods-NewApp-NewAppUITests-frameworks.sh\"\n";
			showEnvVarsInLog = 0;
		};
		9615C1F479332DAFDE0D1178 /* [CP] Check Pods Manifest.lock */ = {
			isa = PBXShellScriptBuildPhase;
			buildActionMask = 2147483647;
			files = (
			);
			inputFileListPaths = (
			);
			inputPaths = (
				"${PODS_PODFILE_DIR_PATH}/Podfile.lock",
				"${PODS_ROOT}/Manifest.lock",
			);
			name = "[CP] Check Pods Manifest.lock";
			outputFileListPaths = (
			);
			outputPaths = (
				"$(DERIVED_FILE_DIR)/Pods-NewApp-NewAppUITests-checkManifestLockResult.txt",
			);
			runOnlyForDeploymentPostprocessing = 0;
			shellPath = /bin/sh;
			shellScript = "diff \"${PODS_PODFILE_DIR_PATH}/Podfile.lock\" \"${PODS_ROOT}/Manifest.lock\" > /dev/null\nif [ $? != 0 ] ; then\n    # print error to STDERR\n    echo \"error: The sandbox is not in sync with the Podfile.lock. Run 'pod install' or update your CocoaPods installation.\" >&2\n    exit 1\nfi\n# This output is used by Xcode 'outputs' to avoid re-running this script phase.\necho \"SUCCESS\" > \"${SCRIPT_OUTPUT_FILE_0}\"\n";
			showEnvVarsInLog = 0;
		};
		CFF0F639EA83720E78D7DE5A /* [CP] Check Pods Manifest.lock */ = {
			isa = PBXShellScriptBuildPhase;
			buildActionMask = 2147483647;
			files = (
			);
			inputFileListPaths = (
			);
			inputPaths = (
				"${PODS_PODFILE_DIR_PATH}/Podfile.lock",
				"${PODS_ROOT}/Manifest.lock",
			);
			name = "[CP] Check Pods Manifest.lock";
			outputFileListPaths = (
			);
			outputPaths = (
				"$(DERIVED_FILE_DIR)/Pods-NewApp-checkManifestLockResult.txt",
			);
			runOnlyForDeploymentPostprocessing = 0;
			shellPath = /bin/sh;
			shellScript = "diff \"${PODS_PODFILE_DIR_PATH}/Podfile.lock\" \"${PODS_ROOT}/Manifest.lock\" > /dev/null\nif [ $? != 0 ] ; then\n    # print error to STDERR\n    echo \"error: The sandbox is not in sync with the Podfile.lock. Run 'pod install' or update your CocoaPods installation.\" >&2\n    exit 1\nfi\n# This output is used by Xcode 'outputs' to avoid re-running this script phase.\necho \"SUCCESS\" > \"${SCRIPT_OUTPUT_FILE_0}\"\n";
			showEnvVarsInLog = 0;
		};
		F077F5C1C3958C9A44C0BE41 /* [CP] Embed Pods Frameworks */ = {
			isa = PBXShellScriptBuildPhase;
			buildActionMask = 2147483647;
			files = (
			);
			inputFileListPaths = (
				"${PODS_ROOT}/Target Support Files/Pods-NewApp/Pods-NewApp-frameworks-${CONFIGURATION}-input-files.xcfilelist",
			);
			name = "[CP] Embed Pods Frameworks";
			outputFileListPaths = (
				"${PODS_ROOT}/Target Support Files/Pods-NewApp/Pods-NewApp-frameworks-${CONFIGURATION}-output-files.xcfilelist",
			);
			runOnlyForDeploymentPostprocessing = 0;
			shellPath = /bin/sh;
			shellScript = "\"${PODS_ROOT}/Target Support Files/Pods-NewApp/Pods-NewApp-frameworks.sh\"\n";
			showEnvVarsInLog = 0;
		};
		FB9AA123AE2DA95228F124CB /* [CP] Check Pods Manifest.lock */ = {
			isa = PBXShellScriptBuildPhase;
			buildActionMask = 2147483647;
			files = (
			);
			inputFileListPaths = (
			);
			inputPaths = (
				"${PODS_PODFILE_DIR_PATH}/Podfile.lock",
				"${PODS_ROOT}/Manifest.lock",
			);
			name = "[CP] Check Pods Manifest.lock";
			outputFileListPaths = (
			);
			outputPaths = (
				"$(DERIVED_FILE_DIR)/Pods-NewAppTests-checkManifestLockResult.txt",
			);
			runOnlyForDeploymentPostprocessing = 0;
			shellPath = /bin/sh;
			shellScript = "diff \"${PODS_PODFILE_DIR_PATH}/Podfile.lock\" \"${PODS_ROOT}/Manifest.lock\" > /dev/null\nif [ $? != 0 ] ; then\n    # print error to STDERR\n    echo \"error: The sandbox is not in sync with the Podfile.lock. Run 'pod install' or update your CocoaPods installation.\" >&2\n    exit 1\nfi\n# This output is used by Xcode 'outputs' to avoid re-running this script phase.\necho \"SUCCESS\" > \"${SCRIPT_OUTPUT_FILE_0}\"\n";
			showEnvVarsInLog = 0;
		};
/* End PBXShellScriptBuildPhase section */

/* Begin PBXSourcesBuildPhase section */
		FAF2F9372742A13A009614F4 /* Sources */ = {
			isa = PBXSourcesBuildPhase;
			buildActionMask = 2147483647;
			files = (
				FAF2F9B32742B0A2009614F4 /* API_Manager.swift in Sources */,
				FAF2F9812742A36E009614F4 /* AppCredentials.swift in Sources */,
				FAF2F9982742A9A4009614F4 /* NewsListCell.swift in Sources */,
				FAF2F9C22742B24F009614F4 /* Binding.swift in Sources */,
				FAF2F9BD2742B237009614F4 /* NewListViewModel.swift in Sources */,
				FAF2F9AD2742AFD6009614F4 /* Utilities.swift in Sources */,
				FAF2F9912742A670009614F4 /* NewsListVC.swift in Sources */,
				FAF2F9B82742B1B6009614F4 /* API_Helper.swift in Sources */,
				FAF2F93F2742A13A009614F4 /* AppDelegate.swift in Sources */,
				FAF2F9A82742ADA7009614F4 /* GlobalConstants.swift in Sources */,
				FAF2F9862742A4F1009614F4 /* AppCreds.swift in Sources */,
			);
			runOnlyForDeploymentPostprocessing = 0;
		};
		FAF2F94D2742A13E009614F4 /* Sources */ = {
			isa = PBXSourcesBuildPhase;
			buildActionMask = 2147483647;
			files = (
				FAF2F9562742A13E009614F4 /* NewAppTests.swift in Sources */,
			);
			runOnlyForDeploymentPostprocessing = 0;
		};
		FAF2F9582742A13E009614F4 /* Sources */ = {
			isa = PBXSourcesBuildPhase;
			buildActionMask = 2147483647;
			files = (
				FAF2F9612742A13E009614F4 /* NewAppUITests.swift in Sources */,
			);
			runOnlyForDeploymentPostprocessing = 0;
		};
/* End PBXSourcesBuildPhase section */

/* Begin PBXTargetDependency section */
		FAF2F9532742A13E009614F4 /* PBXTargetDependency */ = {
			isa = PBXTargetDependency;
			target = FAF2F93A2742A13A009614F4 /* NewApp */;
			targetProxy = FAF2F9522742A13E009614F4 /* PBXContainerItemProxy */;
		};
		FAF2F95E2742A13E009614F4 /* PBXTargetDependency */ = {
			isa = PBXTargetDependency;
			target = FAF2F93A2742A13A009614F4 /* NewApp */;
			targetProxy = FAF2F95D2742A13E009614F4 /* PBXContainerItemProxy */;
		};
/* End PBXTargetDependency section */

/* Begin PBXVariantGroup section */
		FAF2F9442742A13A009614F4 /* Main.storyboard */ = {
			isa = PBXVariantGroup;
			children = (
				FAF2F9452742A13A009614F4 /* Base */,
			);
			name = Main.storyboard;
			sourceTree = "<group>";
		};
		FAF2F9492742A13D009614F4 /* LaunchScreen.storyboard */ = {
			isa = PBXVariantGroup;
			children = (
				FAF2F94A2742A13D009614F4 /* Base */,
			);
			name = LaunchScreen.storyboard;
			sourceTree = "<group>";
		};
/* End PBXVariantGroup section */

/* Begin XCBuildConfiguration section */
		FAF2F9632742A13E009614F4 /* Debug */ = {
			isa = XCBuildConfiguration;
			buildSettings = {
				ALWAYS_SEARCH_USER_PATHS = NO;
				CLANG_ANALYZER_NONNULL = YES;
				CLANG_ANALYZER_NUMBER_OBJECT_CONVERSION = YES_AGGRESSIVE;
				CLANG_CXX_LANGUAGE_STANDARD = "gnu++14";
				CLANG_CXX_LIBRARY = "libc++";
				CLANG_ENABLE_MODULES = YES;
				CLANG_ENABLE_OBJC_ARC = YES;
				CLANG_ENABLE_OBJC_WEAK = YES;
				CLANG_WARN_BLOCK_CAPTURE_AUTORELEASING = YES;
				CLANG_WARN_BOOL_CONVERSION = YES;
				CLANG_WARN_COMMA = YES;
				CLANG_WARN_CONSTANT_CONVERSION = YES;
				CLANG_WARN_DEPRECATED_OBJC_IMPLEMENTATIONS = YES;
				CLANG_WARN_DIRECT_OBJC_ISA_USAGE = YES_ERROR;
				CLANG_WARN_DOCUMENTATION_COMMENTS = YES;
				CLANG_WARN_EMPTY_BODY = YES;
				CLANG_WARN_ENUM_CONVERSION = YES;
				CLANG_WARN_INFINITE_RECURSION = YES;
				CLANG_WARN_INT_CONVERSION = YES;
				CLANG_WARN_NON_LITERAL_NULL_CONVERSION = YES;
				CLANG_WARN_OBJC_IMPLICIT_RETAIN_SELF = YES;
				CLANG_WARN_OBJC_LITERAL_CONVERSION = YES;
				CLANG_WARN_OBJC_ROOT_CLASS = YES_ERROR;
				CLANG_WARN_QUOTED_INCLUDE_IN_FRAMEWORK_HEADER = YES;
				CLANG_WARN_RANGE_LOOP_ANALYSIS = YES;
				CLANG_WARN_STRICT_PROTOTYPES = YES;
				CLANG_WARN_SUSPICIOUS_MOVE = YES;
				CLANG_WARN_UNGUARDED_AVAILABILITY = YES_AGGRESSIVE;
				CLANG_WARN_UNREACHABLE_CODE = YES;
				CLANG_WARN__DUPLICATE_METHOD_MATCH = YES;
				COPY_PHASE_STRIP = NO;
				DEBUG_INFORMATION_FORMAT = dwarf;
				ENABLE_STRICT_OBJC_MSGSEND = YES;
				ENABLE_TESTABILITY = YES;
				GCC_C_LANGUAGE_STANDARD = gnu11;
				GCC_DYNAMIC_NO_PIC = NO;
				GCC_NO_COMMON_BLOCKS = YES;
				GCC_OPTIMIZATION_LEVEL = 0;
				GCC_PREPROCESSOR_DEFINITIONS = (
					"DEBUG=1",
					"$(inherited)",
				);
				GCC_WARN_64_TO_32_BIT_CONVERSION = YES;
				GCC_WARN_ABOUT_RETURN_TYPE = YES_ERROR;
				GCC_WARN_UNDECLARED_SELECTOR = YES;
				GCC_WARN_UNINITIALIZED_AUTOS = YES_AGGRESSIVE;
				GCC_WARN_UNUSED_FUNCTION = YES;
				GCC_WARN_UNUSED_VARIABLE = YES;
				IPHONEOS_DEPLOYMENT_TARGET = 14.2;
				MTL_ENABLE_DEBUG_INFO = INCLUDE_SOURCE;
				MTL_FAST_MATH = YES;
				ONLY_ACTIVE_ARCH = YES;
				SDKROOT = iphoneos;
				SWIFT_ACTIVE_COMPILATION_CONDITIONS = DEBUG;
				SWIFT_OPTIMIZATION_LEVEL = "-Onone";
			};
			name = Debug;
		};
		FAF2F9642742A13E009614F4 /* Release */ = {
			isa = XCBuildConfiguration;
			buildSettings = {
				ALWAYS_SEARCH_USER_PATHS = NO;
				CLANG_ANALYZER_NONNULL = YES;
				CLANG_ANALYZER_NUMBER_OBJECT_CONVERSION = YES_AGGRESSIVE;
				CLANG_CXX_LANGUAGE_STANDARD = "gnu++14";
				CLANG_CXX_LIBRARY = "libc++";
				CLANG_ENABLE_MODULES = YES;
				CLANG_ENABLE_OBJC_ARC = YES;
				CLANG_ENABLE_OBJC_WEAK = YES;
				CLANG_WARN_BLOCK_CAPTURE_AUTORELEASING = YES;
				CLANG_WARN_BOOL_CONVERSION = YES;
				CLANG_WARN_COMMA = YES;
				CLANG_WARN_CONSTANT_CONVERSION = YES;
				CLANG_WARN_DEPRECATED_OBJC_IMPLEMENTATIONS = YES;
				CLANG_WARN_DIRECT_OBJC_ISA_USAGE = YES_ERROR;
				CLANG_WARN_DOCUMENTATION_COMMENTS = YES;
				CLANG_WARN_EMPTY_BODY = YES;
				CLANG_WARN_ENUM_CONVERSION = YES;
				CLANG_WARN_INFINITE_RECURSION = YES;
				CLANG_WARN_INT_CONVERSION = YES;
				CLANG_WARN_NON_LITERAL_NULL_CONVERSION = YES;
				CLANG_WARN_OBJC_IMPLICIT_RETAIN_SELF = YES;
				CLANG_WARN_OBJC_LITERAL_CONVERSION = YES;
				CLANG_WARN_OBJC_ROOT_CLASS = YES_ERROR;
				CLANG_WARN_QUOTED_INCLUDE_IN_FRAMEWORK_HEADER = YES;
				CLANG_WARN_RANGE_LOOP_ANALYSIS = YES;
				CLANG_WARN_STRICT_PROTOTYPES = YES;
				CLANG_WARN_SUSPICIOUS_MOVE = YES;
				CLANG_WARN_UNGUARDED_AVAILABILITY = YES_AGGRESSIVE;
				CLANG_WARN_UNREACHABLE_CODE = YES;
				CLANG_WARN__DUPLICATE_METHOD_MATCH = YES;
				COPY_PHASE_STRIP = NO;
				DEBUG_INFORMATION_FORMAT = "dwarf-with-dsym";
				ENABLE_NS_ASSERTIONS = NO;
				ENABLE_STRICT_OBJC_MSGSEND = YES;
				GCC_C_LANGUAGE_STANDARD = gnu11;
				GCC_NO_COMMON_BLOCKS = YES;
				GCC_WARN_64_TO_32_BIT_CONVERSION = YES;
				GCC_WARN_ABOUT_RETURN_TYPE = YES_ERROR;
				GCC_WARN_UNDECLARED_SELECTOR = YES;
				GCC_WARN_UNINITIALIZED_AUTOS = YES_AGGRESSIVE;
				GCC_WARN_UNUSED_FUNCTION = YES;
				GCC_WARN_UNUSED_VARIABLE = YES;
				IPHONEOS_DEPLOYMENT_TARGET = 14.2;
				MTL_ENABLE_DEBUG_INFO = NO;
				MTL_FAST_MATH = YES;
				SDKROOT = iphoneos;
				SWIFT_COMPILATION_MODE = wholemodule;
				SWIFT_OPTIMIZATION_LEVEL = "-O";
				VALIDATE_PRODUCT = YES;
			};
			name = Release;
		};
		FAF2F9662742A13E009614F4 /* Debug */ = {
			isa = XCBuildConfiguration;
			baseConfigurationReference = 3736FD0D04D1DC78CE540FB8 /* Pods-NewApp.debug.xcconfig */;
			buildSettings = {
				ASSETCATALOG_COMPILER_APPICON_NAME = AppIcon;
				ASSETCATALOG_COMPILER_GLOBAL_ACCENT_COLOR_NAME = AccentColor;
				CODE_SIGN_STYLE = Automatic;
				DEVELOPMENT_TEAM = 6Q233F3ZPX;
				INFOPLIST_FILE = NewApp/Info.plist;
				IPHONEOS_DEPLOYMENT_TARGET = 12.0;
				LD_RUNPATH_SEARCH_PATHS = (
					"$(inherited)",
					"@executable_path/Frameworks",
				);
				PRODUCT_BUNDLE_IDENTIFIER = com.app.NewApp;
				PRODUCT_NAME = "$(TARGET_NAME)";
				SWIFT_VERSION = 5.0;
				TARGETED_DEVICE_FAMILY = "1,2";
			};
			name = Debug;
		};
		FAF2F9672742A13E009614F4 /* Release */ = {
			isa = XCBuildConfiguration;
			baseConfigurationReference = 3088A17DEF439286E8FB3124 /* Pods-NewApp.release.xcconfig */;
			buildSettings = {
				ASSETCATALOG_COMPILER_APPICON_NAME = AppIcon;
				ASSETCATALOG_COMPILER_GLOBAL_ACCENT_COLOR_NAME = AccentColor;
				CODE_SIGN_STYLE = Automatic;
				DEVELOPMENT_TEAM = 6Q233F3ZPX;
				INFOPLIST_FILE = NewApp/Info.plist;
				IPHONEOS_DEPLOYMENT_TARGET = 12.0;
				LD_RUNPATH_SEARCH_PATHS = (
					"$(inherited)",
					"@executable_path/Frameworks",
				);
				PRODUCT_BUNDLE_IDENTIFIER = com.app.NewApp;
				PRODUCT_NAME = "$(TARGET_NAME)";
				SWIFT_VERSION = 5.0;
				TARGETED_DEVICE_FAMILY = "1,2";
			};
			name = Release;
		};
		FAF2F9692742A13E009614F4 /* Debug */ = {
			isa = XCBuildConfiguration;
			baseConfigurationReference = E0062712B5513BF90C5A18C7 /* Pods-NewAppTests.debug.xcconfig */;
			buildSettings = {
				ALWAYS_EMBED_SWIFT_STANDARD_LIBRARIES = YES;
				BUNDLE_LOADER = "$(TEST_HOST)";
				CODE_SIGN_STYLE = Automatic;
				DEVELOPMENT_TEAM = 6Q233F3ZPX;
				INFOPLIST_FILE = NewAppTests/Info.plist;
				IPHONEOS_DEPLOYMENT_TARGET = 14.2;
				LD_RUNPATH_SEARCH_PATHS = (
					"$(inherited)",
					"@executable_path/Frameworks",
					"@loader_path/Frameworks",
				);
				PRODUCT_BUNDLE_IDENTIFIER = com.app.NewAppTests;
				PRODUCT_NAME = "$(TARGET_NAME)";
				SWIFT_VERSION = 5.0;
				TARGETED_DEVICE_FAMILY = "1,2";
				TEST_HOST = "$(BUILT_PRODUCTS_DIR)/NewApp.app/NewApp";
			};
			name = Debug;
		};
		FAF2F96A2742A13E009614F4 /* Release */ = {
			isa = XCBuildConfiguration;
			baseConfigurationReference = 4F3DBEE402E6F5A2B2CE2E1F /* Pods-NewAppTests.release.xcconfig */;
			buildSettings = {
				ALWAYS_EMBED_SWIFT_STANDARD_LIBRARIES = YES;
				BUNDLE_LOADER = "$(TEST_HOST)";
				CODE_SIGN_STYLE = Automatic;
				DEVELOPMENT_TEAM = 6Q233F3ZPX;
				INFOPLIST_FILE = NewAppTests/Info.plist;
				IPHONEOS_DEPLOYMENT_TARGET = 14.2;
				LD_RUNPATH_SEARCH_PATHS = (
					"$(inherited)",
					"@executable_path/Frameworks",
					"@loader_path/Frameworks",
				);
				PRODUCT_BUNDLE_IDENTIFIER = com.app.NewAppTests;
				PRODUCT_NAME = "$(TARGET_NAME)";
				SWIFT_VERSION = 5.0;
				TARGETED_DEVICE_FAMILY = "1,2";
				TEST_HOST = "$(BUILT_PRODUCTS_DIR)/NewApp.app/NewApp";
			};
			name = Release;
		};
		FAF2F96C2742A13E009614F4 /* Debug */ = {
			isa = XCBuildConfiguration;
			baseConfigurationReference = 0E49A06639BE2B61B5903D45 /* Pods-NewApp-NewAppUITests.debug.xcconfig */;
			buildSettings = {
				ALWAYS_EMBED_SWIFT_STANDARD_LIBRARIES = YES;
				CODE_SIGN_STYLE = Automatic;
				DEVELOPMENT_TEAM = 6Q233F3ZPX;
				INFOPLIST_FILE = NewAppUITests/Info.plist;
				LD_RUNPATH_SEARCH_PATHS = (
					"$(inherited)",
					"@executable_path/Frameworks",
					"@loader_path/Frameworks",
				);
				PRODUCT_BUNDLE_IDENTIFIER = com.app.NewAppUITests;
				PRODUCT_NAME = "$(TARGET_NAME)";
				SWIFT_VERSION = 5.0;
				TARGETED_DEVICE_FAMILY = "1,2";
				TEST_TARGET_NAME = NewApp;
			};
			name = Debug;
		};
		FAF2F96D2742A13E009614F4 /* Release */ = {
			isa = XCBuildConfiguration;
			baseConfigurationReference = 1A09577DD098120187BA5C63 /* Pods-NewApp-NewAppUITests.release.xcconfig */;
			buildSettings = {
				ALWAYS_EMBED_SWIFT_STANDARD_LIBRARIES = YES;
				CODE_SIGN_STYLE = Automatic;
				DEVELOPMENT_TEAM = 6Q233F3ZPX;
				INFOPLIST_FILE = NewAppUITests/Info.plist;
				LD_RUNPATH_SEARCH_PATHS = (
					"$(inherited)",
					"@executable_path/Frameworks",
					"@loader_path/Frameworks",
				);
				PRODUCT_BUNDLE_IDENTIFIER = com.app.NewAppUITests;
				PRODUCT_NAME = "$(TARGET_NAME)";
				SWIFT_VERSION = 5.0;
				TARGETED_DEVICE_FAMILY = "1,2";
				TEST_TARGET_NAME = NewApp;
			};
			name = Release;
		};
/* End XCBuildConfiguration section */

/* Begin XCConfigurationList section */
		FAF2F9362742A13A009614F4 /* Build configuration list for PBXProject "NewApp" */ = {
			isa = XCConfigurationList;
			buildConfigurations = (
				FAF2F9632742A13E009614F4 /* Debug */,
				FAF2F9642742A13E009614F4 /* Release */,
			);
			defaultConfigurationIsVisible = 0;
			defaultConfigurationName = Release;
		};
		FAF2F9652742A13E009614F4 /* Build configuration list for PBXNativeTarget "NewApp" */ = {
			isa = XCConfigurationList;
			buildConfigurations = (
				FAF2F9662742A13E009614F4 /* Debug */,
				FAF2F9672742A13E009614F4 /* Release */,
			);
			defaultConfigurationIsVisible = 0;
			defaultConfigurationName = Release;
		};
		FAF2F9682742A13E009614F4 /* Build configuration list for PBXNativeTarget "NewAppTests" */ = {
			isa = XCConfigurationList;
			buildConfigurations = (
				FAF2F9692742A13E009614F4 /* Debug */,
				FAF2F96A2742A13E009614F4 /* Release */,
			);
			defaultConfigurationIsVisible = 0;
			defaultConfigurationName = Release;
		};
		FAF2F96B2742A13E009614F4 /* Build configuration list for PBXNativeTarget "NewAppUITests" */ = {
			isa = XCConfigurationList;
			buildConfigurations = (
				FAF2F96C2742A13E009614F4 /* Debug */,
				FAF2F96D2742A13E009614F4 /* Release */,
			);
			defaultConfigurationIsVisible = 0;
			defaultConfigurationName = Release;
		};
/* End XCConfigurationList section */
	};
	rootObject = FAF2F9332742A13A009614F4 /* Project object */;
}
